
Microsoft Visual Studio Solution File, Format Version 12.00
# Visual Studio Version 17
VisualStudioVersion = 17.4.33205.214
MinimumVisualStudioVersion = 10.0.40219.1
Project("{888888A0-9F3D-457C-B088-3A5042F75D52}") = "Mortgage_Calc", "Mortgage_Calc.pyproj", "{5C91B991-A752-4DDB-B3FA-5AF915634DAC}"
EndProject
Global
	GlobalSection(SolutionConfigurationPlatforms) = preSolution
		Debug|Any CPU = Debug|Any CPU
		Release|Any CPU = Release|Any CPU
	EndGlobalSection
	GlobalSection(ProjectConfigurationPlatforms) = postSolution
		{5C91B991-A752-4DDB-B3FA-5AF915634DAC}.Debug|Any CPU.ActiveCfg = Debug|Any CPU
		{5C91B991-A752-4DDB-B3FA-5AF915634DAC}.Release|Any CPU.ActiveCfg = Release|Any CPU
	EndGlobalSection
	GlobalSection(SolutionProperties) = preSolution
		HideSolutionNode = FALSE
	EndGlobalSection
	GlobalSection(ExtensibilityGlobals) = postSolution
		SolutionGuid = {E0BA4289-4A55-47A1-8846-AF427BAD8A3D}
	EndGlobalSection
EndGlobal
